// !$*UTF8*$!
{
	archiveVersion = 1;
	classes = {
	};
	objectVersion = 55;
	objects = {

/* Begin PBXBuildFile section */
		33C8D38F2885E3A20023B106 /* AppDelegate.swift in Sources */ = {isa = PBXBuildFile; fileRef = 33C8D38E2885E3A20023B106 /* AppDelegate.swift */; };
		33C8D3912885E3A20023B106 /* SceneDelegate.swift in Sources */ = {isa = PBXBuildFile; fileRef = 33C8D3902885E3A20023B106 /* SceneDelegate.swift */; };
		33C8D3962885E3A20023B106 /* Main.storyboard in Resources */ = {isa = PBXBuildFile; fileRef = 33C8D3942885E3A20023B106 /* Main.storyboard */; };
		33C8D3992885E3A20023B106 /* toDoListProject.xcdatamodeld in Sources */ = {isa = PBXBuildFile; fileRef = 33C8D3972885E3A20023B106 /* toDoListProject.xcdatamodeld */; };
		33C8D39B2885E3A50023B106 /* Assets.xcassets in Resources */ = {isa = PBXBuildFile; fileRef = 33C8D39A2885E3A50023B106 /* Assets.xcassets */; };
		33C8D39E2885E3A50023B106 /* LaunchScreen.storyboard in Resources */ = {isa = PBXBuildFile; fileRef = 33C8D39C2885E3A50023B106 /* LaunchScreen.storyboard */; };
		33C8D3A92885E3A50023B106 /* toDoListProjectTests.swift in Sources */ = {isa = PBXBuildFile; fileRef = 33C8D3A82885E3A50023B106 /* toDoListProjectTests.swift */; };
		33C8D3B32885E3A50023B106 /* toDoListProjectUITests.swift in Sources */ = {isa = PBXBuildFile; fileRef = 33C8D3B22885E3A50023B106 /* toDoListProjectUITests.swift */; };
		33C8D3B52885E3A50023B106 /* toDoListProjectUITestsLaunchTests.swift in Sources */ = {isa = PBXBuildFile; fileRef = 33C8D3B42885E3A50023B106 /* toDoListProjectUITestsLaunchTests.swift */; };
		33C8D3C2288659160023B106 /* AFaireViewController.swift in Sources */ = {isa = PBXBuildFile; fileRef = 33C8D3C1288659160023B106 /* AFaireViewController.swift */; };
		33C8D3C42886595D0023B106 /* ToDo.swift in Sources */ = {isa = PBXBuildFile; fileRef = 33C8D3C32886595D0023B106 /* ToDo.swift */; };
/* End PBXBuildFile section */

/* Begin PBXContainerItemProxy section */
		33C8D3A52885E3A50023B106 /* PBXContainerItemProxy */ = {
			isa = PBXContainerItemProxy;
			containerPortal = 33C8D3832885E3A20023B106 /* Project object */;
			proxyType = 1;
			remoteGlobalIDString = 33C8D38A2885E3A20023B106;
			remoteInfo = toDoListProject;
		};
		33C8D3AF2885E3A50023B106 /* PBXContainerItemProxy */ = {
			isa = PBXContainerItemProxy;
			containerPortal = 33C8D3832885E3A20023B106 /* Project object */;
			proxyType = 1;
			remoteGlobalIDString = 33C8D38A2885E3A20023B106;
			remoteInfo = toDoListProject;
		};
/* End PBXContainerItemProxy section */

/* Begin PBXFileReference section */
		33C8D38B2885E3A20023B106 /* toDoListProject.app */ = {isa = PBXFileReference; explicitFileType = wrapper.application; includeInIndex = 0; path = toDoListProject.app; sourceTree = BUILT_PRODUCTS_DIR; };
		33C8D38E2885E3A20023B106 /* AppDelegate.swift */ = {isa = PBXFileReference; lastKnownFileType = sourcecode.swift; path = AppDelegate.swift; sourceTree = "<group>"; };
		33C8D3902885E3A20023B106 /* SceneDelegate.swift */ = {isa = PBXFileReference; lastKnownFileType = sourcecode.swift; path = SceneDelegate.swift; sourceTree = "<group>"; };
		33C8D3952885E3A20023B106 /* Base */ = {isa = PBXFileReference; lastKnownFileType = file.storyboard; name = Base; path = Base.lproj/Main.storyboard; sourceTree = "<group>"; };
		33C8D3982885E3A20023B106 /* toDoListProject.xcdatamodel */ = {isa = PBXFileReference; lastKnownFileType = wrapper.xcdatamodel; path = toDoListProject.xcdatamodel; sourceTree = "<group>"; };
		33C8D39A2885E3A50023B106 /* Assets.xcassets */ = {isa = PBXFileReference; lastKnownFileType = folder.assetcatalog; path = Assets.xcassets; sourceTree = "<group>"; };
		33C8D39D2885E3A50023B106 /* Base */ = {isa = PBXFileReference; lastKnownFileType = file.storyboard; name = Base; path = Base.lproj/LaunchScreen.storyboard; sourceTree = "<group>"; };
		33C8D39F2885E3A50023B106 /* Info.plist */ = {isa = PBXFileReference; lastKnownFileType = text.plist.xml; path = Info.plist; sourceTree = "<group>"; };
		33C8D3A42885E3A50023B106 /* toDoListProjectTests.xctest */ = {isa = PBXFileReference; explicitFileType = wrapper.cfbundle; includeInIndex = 0; path = toDoListProjectTests.xctest; sourceTree = BUILT_PRODUCTS_DIR; };
		33C8D3A82885E3A50023B106 /* toDoListProjectTests.swift */ = {isa = PBXFileReference; lastKnownFileType = sourcecode.swift; path = toDoListProjectTests.swift; sourceTree = "<group>"; };
		33C8D3AE2885E3A50023B106 /* toDoListProjectUITests.xctest */ = {isa = PBXFileReference; explicitFileType = wrapper.cfbundle; includeInIndex = 0; path = toDoListProjectUITests.xctest; sourceTree = BUILT_PRODUCTS_DIR; };
		33C8D3B22885E3A50023B106 /* toDoListProjectUITests.swift */ = {isa = PBXFileReference; lastKnownFileType = sourcecode.swift; path = toDoListProjectUITests.swift; sourceTree = "<group>"; };
		33C8D3B42885E3A50023B106 /* toDoListProjectUITestsLaunchTests.swift */ = {isa = PBXFileReference; lastKnownFileType = sourcecode.swift; path = toDoListProjectUITestsLaunchTests.swift; sourceTree = "<group>"; };
		33C8D3C1288659160023B106 /* AFaireViewController.swift */ = {isa = PBXFileReference; lastKnownFileType = sourcecode.swift; path = AFaireViewController.swift; sourceTree = "<group>"; };
		33C8D3C32886595D0023B106 /* ToDo.swift */ = {isa = PBXFileReference; lastKnownFileType = sourcecode.swift; path = ToDo.swift; sourceTree = "<group>"; };
/* End PBXFileReference section */

/* Begin PBXFrameworksBuildPhase section */
		33C8D3882885E3A20023B106 /* Frameworks */ = {
			isa = PBXFrameworksBuildPhase;
			buildActionMask = 2147483647;
			files = (
			);
			runOnlyForDeploymentPostprocessing = 0;
		};
		33C8D3A12885E3A50023B106 /* Frameworks */ = {
			isa = PBXFrameworksBuildPhase;
			buildActionMask = 2147483647;
			files = (
			);
			runOnlyForDeploymentPostprocessing = 0;
		};
		33C8D3AB2885E3A50023B106 /* Frameworks */ = {
			isa = PBXFrameworksBuildPhase;
			buildActionMask = 2147483647;
			files = (
			);
			runOnlyForDeploymentPostprocessing = 0;
		};
/* End PBXFrameworksBuildPhase section */

/* Begin PBXGroup section */
		33C8D3822885E3A20023B106 = {
			isa = PBXGroup;
			children = (
				33C8D38D2885E3A20023B106 /* toDoListProject */,
				33C8D3A72885E3A50023B106 /* toDoListProjectTests */,
				33C8D3B12885E3A50023B106 /* toDoListProjectUITests */,
				33C8D38C2885E3A20023B106 /* Products */,
			);
			sourceTree = "<group>";
		};
		33C8D38C2885E3A20023B106 /* Products */ = {
			isa = PBXGroup;
			children = (
				33C8D38B2885E3A20023B106 /* toDoListProject.app */,
				33C8D3A42885E3A50023B106 /* toDoListProjectTests.xctest */,
				33C8D3AE2885E3A50023B106 /* toDoListProjectUITests.xctest */,
			);
			name = Products;
			sourceTree = "<group>";
		};
		33C8D38D2885E3A20023B106 /* toDoListProject */ = {
			isa = PBXGroup;
			children = (
				33C8D38E2885E3A20023B106 /* AppDelegate.swift */,
				33C8D3902885E3A20023B106 /* SceneDelegate.swift */,
				33C8D3942885E3A20023B106 /* Main.storyboard */,
				33C8D3C32886595D0023B106 /* ToDo.swift */,
				33C8D3C1288659160023B106 /* AFaireViewController.swift */,
				33C8D39A2885E3A50023B106 /* Assets.xcassets */,
				33C8D39C2885E3A50023B106 /* LaunchScreen.storyboard */,
				33C8D39F2885E3A50023B106 /* Info.plist */,
				33C8D3972885E3A20023B106 /* toDoListProject.xcdatamodeld */,
			);
			path = toDoListProject;
			sourceTree = "<group>";
		};
		33C8D3A72885E3A50023B106 /* toDoListProjectTests */ = {
			isa = PBXGroup;
			children = (
				33C8D3A82885E3A50023B106 /* toDoListProjectTests.swift */,
			);
			path = toDoListProjectTests;
			sourceTree = "<group>";
		};
		33C8D3B12885E3A50023B106 /* toDoListProjectUITests */ = {
			isa = PBXGroup;
			children = (
				33C8D3B22885E3A50023B106 /* toDoListProjectUITests.swift */,
				33C8D3B42885E3A50023B106 /* toDoListProjectUITestsLaunchTests.swift */,
			);
			path = toDoListProjectUITests;
			sourceTree = "<group>";
		};
/* End PBXGroup section */

/* Begin PBXNativeTarget section */
		33C8D38A2885E3A20023B106 /* toDoListProject */ = {
			isa = PBXNativeTarget;
			buildConfigurationList = 33C8D3B82885E3A50023B106 /* Build configuration list for PBXNativeTarget "toDoListProject" */;
			buildPhases = (
				33C8D3872885E3A20023B106 /* Sources */,
				33C8D3882885E3A20023B106 /* Frameworks */,
				33C8D3892885E3A20023B106 /* Resources */,
			);
			buildRules = (
			);
			dependencies = (
			);
			name = toDoListProject;
			productName = toDoListProject;
			productReference = 33C8D38B2885E3A20023B106 /* toDoListProject.app */;
			productType = "com.apple.product-type.application";
		};
		33C8D3A32885E3A50023B106 /* toDoListProjectTests */ = {
			isa = PBXNativeTarget;
			buildConfigurationList = 33C8D3BB2885E3A50023B106 /* Build configuration list for PBXNativeTarget "toDoListProjectTests" */;
			buildPhases = (
				33C8D3A02885E3A50023B106 /* Sources */,
				33C8D3A12885E3A50023B106 /* Frameworks */,
				33C8D3A22885E3A50023B106 /* Resources */,
			);
			buildRules = (
			);
			dependencies = (
				33C8D3A62885E3A50023B106 /* PBXTargetDependency */,
			);
			name = toDoListProjectTests;
			productName = toDoListProjectTests;
			productReference = 33C8D3A42885E3A50023B106 /* toDoListProjectTests.xctest */;
			productType = "com.apple.product-type.bundle.unit-test";
		};
		33C8D3AD2885E3A50023B106 /* toDoListProjectUITests */ = {
			isa = PBXNativeTarget;
			buildConfigurationList = 33C8D3BE2885E3A50023B106 /* Build configuration list for PBXNativeTarget "toDoListProjectUITests" */;
			buildPhases = (
				33C8D3AA2885E3A50023B106 /* Sources */,
				33C8D3AB2885E3A50023B106 /* Frameworks */,
				33C8D3AC2885E3A50023B106 /* Resources */,
			);
			buildRules = (
			);
			dependencies = (
				33C8D3B02885E3A50023B106 /* PBXTargetDependency */,
			);
			name = toDoListProjectUITests;
			productName = toDoListProjectUITests;
			productReference = 33C8D3AE2885E3A50023B106 /* toDoListProjectUITests.xctest */;
			productType = "com.apple.product-type.bundle.ui-testing";
		};
/* End PBXNativeTarget section */

/* Begin PBXProject section */
		33C8D3832885E3A20023B106 /* Project object */ = {
			isa = PBXProject;
			attributes = {
				BuildIndependentTargetsInParallel = 1;
				LastSwiftUpdateCheck = 1340;
				LastUpgradeCheck = 1340;
				TargetAttributes = {
					33C8D38A2885E3A20023B106 = {
						CreatedOnToolsVersion = 13.4.1;
					};
					33C8D3A32885E3A50023B106 = {
						CreatedOnToolsVersion = 13.4.1;
						TestTargetID = 33C8D38A2885E3A20023B106;
					};
					33C8D3AD2885E3A50023B106 = {
						CreatedOnToolsVersion = 13.4.1;
						TestTargetID = 33C8D38A2885E3A20023B106;
					};
				};
			};
			buildConfigurationList = 33C8D3862885E3A20023B106 /* Build configuration list for PBXProject "toDoListProject" */;
			compatibilityVersion = "Xcode 13.0";
			developmentRegion = en;
			hasScannedForEncodings = 0;
			knownRegions = (
				en,
				Base,
			);
			mainGroup = 33C8D3822885E3A20023B106;
			productRefGroup = 33C8D38C2885E3A20023B106 /* Products */;
			projectDirPath = "";
			projectRoot = "";
			targets = (
				33C8D38A2885E3A20023B106 /* toDoListProject */,
				33C8D3A32885E3A50023B106 /* toDoListProjectTests */,
				33C8D3AD2885E3A50023B106 /* toDoListProjectUITests */,
			);
		};
/* End PBXProject section */

/* Begin PBXResourcesBuildPhase section */
		33C8D3892885E3A20023B106 /* Resources */ = {
			isa = PBXResourcesBuildPhase;
			buildActionMask = 2147483647;
			files = (
				33C8D39E2885E3A50023B106 /* LaunchScreen.storyboard in Resources */,
				33C8D39B2885E3A50023B106 /* Assets.xcassets in Resources */,
				33C8D3962885E3A20023B106 /* Main.storyboard in Resources */,
			);
			runOnlyForDeploymentPostprocessing = 0;
		};
		33C8D3A22885E3A50023B106 /* Resources */ = {
			isa = PBXResourcesBuildPhase;
			buildActionMask = 2147483647;
			files = (
			);
			runOnlyForDeploymentPostprocessing = 0;
		};
		33C8D3AC2885E3A50023B106 /* Resources */ = {
			isa = PBXResourcesBuildPhase;
			buildActionMask = 2147483647;
			files = (
			);
			runOnlyForDeploymentPostprocessing = 0;
		};
/* End PBXResourcesBuildPhase section */

/* Begin PBXSourcesBuildPhase section */
		33C8D3872885E3A20023B106 /* Sources */ = {
			isa = PBXSourcesBuildPhase;
			buildActionMask = 2147483647;
			files = (
				33C8D3C2288659160023B106 /* AFaireViewController.swift in Sources */,
				33C8D3C42886595D0023B106 /* ToDo.swift in Sources */,
				33C8D3992885E3A20023B106 /* toDoListProject.xcdatamodeld in Sources */,
				33C8D38F2885E3A20023B106 /* AppDelegate.swift in Sources */,
				33C8D3912885E3A20023B106 /* SceneDelegate.swift in Sources */,
			);
			runOnlyForDeploymentPostprocessing = 0;
		};
		33C8D3A02885E3A50023B106 /* Sources */ = {
			isa = PBXSourcesBuildPhase;
			buildActionMask = 2147483647;
			files = (
				33C8D3A92885E3A50023B106 /* toDoListProjectTests.swift in Sources */,
			);
			runOnlyForDeploymentPostprocessing = 0;
		};
		33C8D3AA2885E3A50023B106 /* Sources */ = {
			isa = PBXSourcesBuildPhase;
			buildActionMask = 2147483647;
			files = (
				33C8D3B52885E3A50023B106 /* toDoListProjectUITestsLaunchTests.swift in Sources */,
				33C8D3B32885E3A50023B106 /* toDoListProjectUITests.swift in Sources */,
			);
			runOnlyForDeploymentPostprocessing = 0;
		};
/* End PBXSourcesBuildPhase section */

/* Begin PBXTargetDependency section */
		33C8D3A62885E3A50023B106 /* PBXTargetDependency */ = {
			isa = PBXTargetDependency;
			target = 33C8D38A2885E3A20023B106 /* toDoListProject */;
			targetProxy = 33C8D3A52885E3A50023B106 /* PBXContainerItemProxy */;
		};
		33C8D3B02885E3A50023B106 /* PBXTargetDependency */ = {
			isa = PBXTargetDependency;
			target = 33C8D38A2885E3A20023B106 /* toDoListProject */;
			targetProxy = 33C8D3AF2885E3A50023B106 /* PBXContainerItemProxy */;
		};
/* End PBXTargetDependency section */

/* Begin PBXVariantGroup section */
		33C8D3942885E3A20023B106 /* Main.storyboard */ = {
			isa = PBXVariantGroup;
			children = (
				33C8D3952885E3A20023B106 /* Base */,
			);
			name = Main.storyboard;
			sourceTree = "<group>";
		};
		33C8D39C2885E3A50023B106 /* LaunchScreen.storyboard */ = {
			isa = PBXVariantGroup;
			children = (
				33C8D39D2885E3A50023B106 /* Base */,
			);
			name = LaunchScreen.storyboard;
			sourceTree = "<group>";
		};
/* End PBXVariantGroup section */

/* Begin XCBuildConfiguration section */
		33C8D3B62885E3A50023B106 /* Debug */ = {
			isa = XCBuildConfiguration;
			buildSettings = {
				ALWAYS_SEARCH_USER_PATHS = NO;
				CLANG_ANALYZER_NONNULL = YES;
				CLANG_ANALYZER_NUMBER_OBJECT_CONVERSION = YES_AGGRESSIVE;
				CLANG_CXX_LANGUAGE_STANDARD = "gnu++17";
				CLANG_ENABLE_MODULES = YES;
				CLANG_ENABLE_OBJC_ARC = YES;
				CLANG_ENABLE_OBJC_WEAK = YES;
				CLANG_WARN_BLOCK_CAPTURE_AUTORELEASING = YES;
				CLANG_WARN_BOOL_CONVERSION = YES;
				CLANG_WARN_COMMA = YES;
				CLANG_WARN_CONSTANT_CONVERSION = YES;
				CLANG_WARN_DEPRECATED_OBJC_IMPLEMENTATIONS = YES;
				CLANG_WARN_DIRECT_OBJC_ISA_USAGE = YES_ERROR;
				CLANG_WARN_DOCUMENTATION_COMMENTS = YES;
				CLANG_WARN_EMPTY_BODY = YES;
				CLANG_WARN_ENUM_CONVERSION = YES;
				CLANG_WARN_INFINITE_RECURSION = YES;
				CLANG_WARN_INT_CONVERSION = YES;
				CLANG_WARN_NON_LITERAL_NULL_CONVERSION = YES;
				CLANG_WARN_OBJC_IMPLICIT_RETAIN_SELF = YES;
				CLANG_WARN_OBJC_LITERAL_CONVERSION = YES;
				CLANG_WARN_OBJC_ROOT_CLASS = YES_ERROR;
				CLANG_WARN_QUOTED_INCLUDE_IN_FRAMEWORK_HEADER = YES;
				CLANG_WARN_RANGE_LOOP_ANALYSIS = YES;
				CLANG_WARN_STRICT_PROTOTYPES = YES;
				CLANG_WARN_SUSPICIOUS_MOVE = YES;
				CLANG_WARN_UNGUARDED_AVAILABILITY = YES_AGGRESSIVE;
				CLANG_WARN_UNREACHABLE_CODE = YES;
				CLANG_WARN__DUPLICATE_METHOD_MATCH = YES;
				COPY_PHASE_STRIP = NO;
				DEBUG_INFORMATION_FORMAT = dwarf;
				ENABLE_STRICT_OBJC_MSGSEND = YES;
				ENABLE_TESTABILITY = YES;
				GCC_C_LANGUAGE_STANDARD = gnu11;
				GCC_DYNAMIC_NO_PIC = NO;
				GCC_NO_COMMON_BLOCKS = YES;
				GCC_OPTIMIZATION_LEVEL = 0;
				GCC_PREPROCESSOR_DEFINITIONS = (
					"DEBUG=1",
					"$(inherited)",
				);
				GCC_WARN_64_TO_32_BIT_CONVERSION = YES;
				GCC_WARN_ABOUT_RETURN_TYPE = YES_ERROR;
				GCC_WARN_UNDECLARED_SELECTOR = YES;
				GCC_WARN_UNINITIALIZED_AUTOS = YES_AGGRESSIVE;
				GCC_WARN_UNUSED_FUNCTION = YES;
				GCC_WARN_UNUSED_VARIABLE = YES;
				IPHONEOS_DEPLOYMENT_TARGET = 15.5;
				MTL_ENABLE_DEBUG_INFO = INCLUDE_SOURCE;
				MTL_FAST_MATH = YES;
				ONLY_ACTIVE_ARCH = YES;
				SDKROOT = iphoneos;
				SWIFT_ACTIVE_COMPILATION_CONDITIONS = DEBUG;
				SWIFT_OPTIMIZATION_LEVEL = "-Onone";
			};
			name = Debug;
		};
		33C8D3B72885E3A50023B106 /* Release */ = {
			isa = XCBuildConfiguration;
			buildSettings = {
				ALWAYS_SEARCH_USER_PATHS = NO;
				CLANG_ANALYZER_NONNULL = YES;
				CLANG_ANALYZER_NUMBER_OBJECT_CONVERSION = YES_AGGRESSIVE;
				CLANG_CXX_LANGUAGE_STANDARD = "gnu++17";
				CLANG_ENABLE_MODULES = YES;
				CLANG_ENABLE_OBJC_ARC = YES;
				CLANG_ENABLE_OBJC_WEAK = YES;
				CLANG_WARN_BLOCK_CAPTURE_AUTORELEASING = YES;
				CLANG_WARN_BOOL_CONVERSION = YES;
				CLANG_WARN_COMMA = YES;
				CLANG_WARN_CONSTANT_CONVERSION = YES;
				CLANG_WARN_DEPRECATED_OBJC_IMPLEMENTATIONS = YES;
				CLANG_WARN_DIRECT_OBJC_ISA_USAGE = YES_ERROR;
				CLANG_WARN_DOCUMENTATION_COMMENTS = YES;
				CLANG_WARN_EMPTY_BODY = YES;
				CLANG_WARN_ENUM_CONVERSION = YES;
				CLANG_WARN_INFINITE_RECURSION = YES;
				CLANG_WARN_INT_CONVERSION = YES;
				CLANG_WARN_NON_LITERAL_NULL_CONVERSION = YES;
				CLANG_WARN_OBJC_IMPLICIT_RETAIN_SELF = YES;
				CLANG_WARN_OBJC_LITERAL_CONVERSION = YES;
				CLANG_WARN_OBJC_ROOT_CLASS = YES_ERROR;
				CLANG_WARN_QUOTED_INCLUDE_IN_FRAMEWORK_HEADER = YES;
				CLANG_WARN_RANGE_LOOP_ANALYSIS = YES;
				CLANG_WARN_STRICT_PROTOTYPES = YES;
				CLANG_WARN_SUSPICIOUS_MOVE = YES;
				CLANG_WARN_UNGUARDED_AVAILABILITY = YES_AGGRESSIVE;
				CLANG_WARN_UNREACHABLE_CODE = YES;
				CLANG_WARN__DUPLICATE_METHOD_MATCH = YES;
				COPY_PHASE_STRIP = NO;
				DEBUG_INFORMATION_FORMAT = "dwarf-with-dsym";
				ENABLE_NS_ASSERTIONS = NO;
				ENABLE_STRICT_OBJC_MSGSEND = YES;
				GCC_C_LANGUAGE_STANDARD = gnu11;
				GCC_NO_COMMON_BLOCKS = YES;
				GCC_WARN_64_TO_32_BIT_CONVERSION = YES;
				GCC_WARN_ABOUT_RETURN_TYPE = YES_ERROR;
				GCC_WARN_UNDECLARED_SELECTOR = YES;
				GCC_WARN_UNINITIALIZED_AUTOS = YES_AGGRESSIVE;
				GCC_WARN_UNUSED_FUNCTION = YES;
				GCC_WARN_UNUSED_VARIABLE = YES;
				IPHONEOS_DEPLOYMENT_TARGET = 15.5;
				MTL_ENABLE_DEBUG_INFO = NO;
				MTL_FAST_MATH = YES;
				SDKROOT = iphoneos;
				SWIFT_COMPILATION_MODE = wholemodule;
				SWIFT_OPTIMIZATION_LEVEL = "-O";
				VALIDATE_PRODUCT = YES;
			};
			name = Release;
		};
		33C8D3B92885E3A50023B106 /* Debug */ = {
			isa = XCBuildConfiguration;
			buildSettings = {
				ASSETCATALOG_COMPILER_APPICON_NAME = AppIcon;
				ASSETCATALOG_COMPILER_GLOBAL_ACCENT_COLOR_NAME = AccentColor;
				CODE_SIGN_STYLE = Automatic;
				CURRENT_PROJECT_VERSION = 1;
				GENERATE_INFOPLIST_FILE = YES;
				INFOPLIST_FILE = toDoListProject/Info.plist;
				INFOPLIST_KEY_UIApplicationSupportsIndirectInputEvents = YES;
				INFOPLIST_KEY_UILaunchStoryboardName = LaunchScreen;
				INFOPLIST_KEY_UIMainStoryboardFile = Main;
				INFOPLIST_KEY_UISupportedInterfaceOrientations_iPad = "UIInterfaceOrientationPortrait UIInterfaceOrientationPortraitUpsideDown UIInterfaceOrientationLandscapeLeft UIInterfaceOrientationLandscapeRight";
				INFOPLIST_KEY_UISupportedInterfaceOrientations_iPhone = "UIInterfaceOrientationPortrait UIInterfaceOrientationLandscapeLeft UIInterfaceOrientationLandscapeRight";
				LD_RUNPATH_SEARCH_PATHS = (
					"$(inherited)",
					"@executable_path/Frameworks",
				);
				MARKETING_VERSION = 1.0;
				PRODUCT_BUNDLE_IDENTIFIER = KWK22.toDoListProject;
				PRODUCT_NAME = "$(TARGET_NAME)";
				SWIFT_EMIT_LOC_STRINGS = YES;
				SWIFT_VERSION = 5.0;
				TARGETED_DEVICE_FAMILY = "1,2";
			};
			name = Debug;
		};
		33C8D3BA2885E3A50023B106 /* Release */ = {
			isa = XCBuildConfiguration;
			buildSettings = {
				ASSETCATALOG_COMPILER_APPICON_NAME = AppIcon;
				ASSETCATALOG_COMPILER_GLOBAL_ACCENT_COLOR_NAME = AccentColor;
				CODE_SIGN_STYLE = Automatic;
				CURRENT_PROJECT_VERSION = 1;
				GENERATE_INFOPLIST_FILE = YES;
				INFOPLIST_FILE = toDoListProject/Info.plist;
				INFOPLIST_KEY_UIApplicationSupportsIndirectInputEvents = YES;
				INFOPLIST_KEY_UILaunchStoryboardName = LaunchScreen;
				INFOPLIST_KEY_UIMainStoryboardFile = Main;
				INFOPLIST_KEY_UISupportedInterfaceOrientations_iPad = "UIInterfaceOrientationPortrait UIInterfaceOrientationPortraitUpsideDown UIInterfaceOrientationLandscapeLeft UIInterfaceOrientationLandscapeRight";
				INFOPLIST_KEY_UISupportedInterfaceOrientations_iPhone = "UIInterfaceOrientationPortrait UIInterfaceOrientationLandscapeLeft UIInterfaceOrientationLandscapeRight";
				LD_RUNPATH_SEARCH_PATHS = (
					"$(inherited)",
					"@executable_path/Frameworks",
				);
				MARKETING_VERSION = 1.0;
				PRODUCT_BUNDLE_IDENTIFIER = KWK22.toDoListProject;
				PRODUCT_NAME = "$(TARGET_NAME)";
				SWIFT_EMIT_LOC_STRINGS = YES;
				SWIFT_VERSION = 5.0;
				TARGETED_DEVICE_FAMILY = "1,2";
			};
			name = Release;
		};
		33C8D3BC2885E3A50023B106 /* Debug */ = {
			isa = XCBuildConfiguration;
			buildSettings = {
				ALWAYS_EMBED_SWIFT_STANDARD_LIBRARIES = YES;
				BUNDLE_LOADER = "$(TEST_HOST)";
				CODE_SIGN_STYLE = Automatic;
				CURRENT_PROJECT_VERSION = 1;
				GENERATE_INFOPLIST_FILE = YES;
				IPHONEOS_DEPLOYMENT_TARGET = 15.5;
				MARKETING_VERSION = 1.0;
				PRODUCT_BUNDLE_IDENTIFIER = KWK22.toDoListProjectTests;
				PRODUCT_NAME = "$(TARGET_NAME)";
				SWIFT_EMIT_LOC_STRINGS = NO;
				SWIFT_VERSION = 5.0;
				TARGETED_DEVICE_FAMILY = "1,2";
				TEST_HOST = "$(BUILT_PRODUCTS_DIR)/toDoListProject.app/toDoListProject";
			};
			name = Debug;
		};
		33C8D3BD2885E3A50023B106 /* Release */ = {
			isa = XCBuildConfiguration;
			buildSettings = {
				ALWAYS_EMBED_SWIFT_STANDARD_LIBRARIES = YES;
				BUNDLE_LOADER = "$(TEST_HOST)";
				CODE_SIGN_STYLE = Automatic;
				CURRENT_PROJECT_VERSION = 1;
				GENERATE_INFOPLIST_FILE = YES;
				IPHONEOS_DEPLOYMENT_TARGET = 15.5;
				MARKETING_VERSION = 1.0;
				PRODUCT_BUNDLE_IDENTIFIER = KWK22.toDoListProjectTests;
				PRODUCT_NAME = "$(TARGET_NAME)";
				SWIFT_EMIT_LOC_STRINGS = NO;
				SWIFT_VERSION = 5.0;
				TARGETED_DEVICE_FAMILY = "1,2";
				TEST_HOST = "$(BUILT_PRODUCTS_DIR)/toDoListProject.app/toDoListProject";
			};
			name = Release;
		};
		33C8D3BF2885E3A50023B106 /* Debug */ = {
			isa = XCBuildConfiguration;
			buildSettings = {
				ALWAYS_EMBED_SWIFT_STANDARD_LIBRARIES = YES;
				CODE_SIGN_STYLE = Automatic;
				CURRENT_PROJECT_VERSION = 1;
				GENERATE_INFOPLIST_FILE = YES;
				MARKETING_VERSION = 1.0;
				PRODUCT_BUNDLE_IDENTIFIER = KWK22.toDoListProjectUITests;
				PRODUCT_NAME = "$(TARGET_NAME)";
				SWIFT_EMIT_LOC_STRINGS = NO;
				SWIFT_VERSION = 5.0;
				TARGETED_DEVICE_FAMILY = "1,2";
				TEST_TARGET_NAME = toDoListProject;
			};
			name = Debug;
		};
		33C8D3C02885E3A50023B106 /* Release */ = {
			isa = XCBuildConfiguration;
			buildSettings = {
				ALWAYS_EMBED_SWIFT_STANDARD_LIBRARIES = YES;
				CODE_SIGN_STYLE = Automatic;
				CURRENT_PROJECT_VERSION = 1;
				GENERATE_INFOPLIST_FILE = YES;
				MARKETING_VERSION = 1.0;
				PRODUCT_BUNDLE_IDENTIFIER = KWK22.toDoListProjectUITests;
				PRODUCT_NAME = "$(TARGET_NAME)";
				SWIFT_EMIT_LOC_STRINGS = NO;
				SWIFT_VERSION = 5.0;
				TARGETED_DEVICE_FAMILY = "1,2";
				TEST_TARGET_NAME = toDoListProject;
			};
			name = Release;
		};
/* End XCBuildConfiguration section */

/* Begin XCConfigurationList section */
		33C8D3862885E3A20023B106 /* Build configuration list for PBXProject "toDoListProject" */ = {
			isa = XCConfigurationList;
			buildConfigurations = (
				33C8D3B62885E3A50023B106 /* Debug */,
				33C8D3B72885E3A50023B106 /* Release */,
			);
			defaultConfigurationIsVisible = 0;
			defaultConfigurationName = Release;
		};
		33C8D3B82885E3A50023B106 /* Build configuration list for PBXNativeTarget "toDoListProject" */ = {
			isa = XCConfigurationList;
			buildConfigurations = (
				33C8D3B92885E3A50023B106 /* Debug */,
				33C8D3BA2885E3A50023B106 /* Release */,
			);
			defaultConfigurationIsVisible = 0;
			defaultConfigurationName = Release;
		};
		33C8D3BB2885E3A50023B106 /* Build configuration list for PBXNativeTarget "toDoListProjectTests" */ = {
			isa = XCConfigurationList;
			buildConfigurations = (
				33C8D3BC2885E3A50023B106 /* Debug */,
				33C8D3BD2885E3A50023B106 /* Release */,
			);
			defaultConfigurationIsVisible = 0;
			defaultConfigurationName = Release;
		};
		33C8D3BE2885E3A50023B106 /* Build configuration list for PBXNativeTarget "toDoListProjectUITests" */ = {
			isa = XCConfigurationList;
			buildConfigurations = (
				33C8D3BF2885E3A50023B106 /* Debug */,
				33C8D3C02885E3A50023B106 /* Release */,
			);
			defaultConfigurationIsVisible = 0;
			defaultConfigurationName = Release;
		};
/* End XCConfigurationList section */

/* Begin XCVersionGroup section */
		33C8D3972885E3A20023B106 /* toDoListProject.xcdatamodeld */ = {
			isa = XCVersionGroup;
			children = (
				33C8D3982885E3A20023B106 /* toDoListProject.xcdatamodel */,
			);
			currentVersion = 33C8D3982885E3A20023B106 /* toDoListProject.xcdatamodel */;
			path = toDoListProject.xcdatamodeld;
			sourceTree = "<group>";
			versionGroupType = wrapper.xcdatamodel;
		};
/* End XCVersionGroup section */
	};
	rootObject = 33C8D3832885E3A20023B106 /* Project object */;
}
